
Microsoft Visual Studio Solution File, Format Version 12.00
# Visual Studio Version 16
VisualStudioVersion = 16.0.31729.503
MinimumVisualStudioVersion = 10.0.40219.1
Project("{FAE04EC0-301F-11D3-BF4B-00C04F79EFBC}") = "EvaluacionGamificacionCORE", "EvaluacionGamificacionCORE\EvaluacionGamificacionCORE.csproj", "{889821F8-8AFF-4944-8D90-A2D35E528F19}"
EndProject
Global
	GlobalSection(SolutionConfigurationPlatforms) = preSolution
		Debug|Any CPU = Debug|Any CPU
		Release|Any CPU = Release|Any CPU
	EndGlobalSection
	GlobalSection(ProjectConfigurationPlatforms) = postSolution
		{889821F8-8AFF-4944-8D90-A2D35E528F19}.Debug|Any CPU.ActiveCfg = Debug|Any CPU
		{889821F8-8AFF-4944-8D90-A2D35E528F19}.Debug|Any CPU.Build.0 = Debug|Any CPU
		{889821F8-8AFF-4944-8D90-A2D35E528F19}.Release|Any CPU.ActiveCfg = Release|Any CPU
		{889821F8-8AFF-4944-8D90-A2D35E528F19}.Release|Any CPU.Build.0 = Release|Any CPU
	EndGlobalSection
	GlobalSection(SolutionProperties) = preSolution
		HideSolutionNode = FALSE
	EndGlobalSection
	GlobalSection(ExtensibilityGlobals) = postSolution
		SolutionGuid = {8FC16172-6C3E-4FCB-800A-2370DEE63685}
	EndGlobalSection
EndGlobal
